
Microsoft Visual Studio Solution File, Format Version 12.00
# Visual Studio Version 17
VisualStudioVersion = 17.11.35312.102
MinimumVisualStudioVersion = 10.0.40219.1
Project("{FAE04EC0-301F-11D3-BF4B-00C04F79EFBC}") = "web", "web\web.csproj", "{817BED43-BBA2-4A5B-AD16-A8761E57A7FD}"
EndProject
Project("{2150E333-8FDC-42A3-9474-1A3956D46DE8}") = "src", "src", "{6F1B0344-4ADE-479B-B9D5-4E7F1BBCBFB0}"
EndProject
Project("{2150E333-8FDC-42A3-9474-1A3956D46DE8}") = "Core", "Core", "{E58052DB-ED76-4D81-AB64-E72F38312C5A}"
EndProject
Project("{FAE04EC0-301F-11D3-BF4B-00C04F79EFBC}") = "Domain", "Domain\Domain.csproj", "{EF565CBD-A3B7-460F-A32E-9144D5A3D7B3}"
EndProject
Project("{FAE04EC0-301F-11D3-BF4B-00C04F79EFBC}") = "Application", "Application\Application.csproj", "{345AFF31-624B-431A-AB52-A0F194AF6861}"
EndProject
Project("{2150E333-8FDC-42A3-9474-1A3956D46DE8}") = "External", "External", "{A6B1A96E-07E1-4483-8625-E01D5D8BA356}"
EndProject
Project("{FAE04EC0-301F-11D3-BF4B-00C04F79EFBC}") = "Infrastructure", "Infrastructure\Infrastructure.csproj", "{8FC5B99C-A80B-46B5-962A-F3DBBA8403BF}"
EndProject
Project("{FAE04EC0-301F-11D3-BF4B-00C04F79EFBC}") = "Presentation", "Presentation\Presentation.csproj", "{E3AFC081-4413-4B5B-9D1C-5FD2CFEE0851}"
EndProject
Global
	GlobalSection(SolutionConfigurationPlatforms) = preSolution
		Debug|Any CPU = Debug|Any CPU
		Release|Any CPU = Release|Any CPU
	EndGlobalSection
	GlobalSection(ProjectConfigurationPlatforms) = postSolution
		{817BED43-BBA2-4A5B-AD16-A8761E57A7FD}.Debug|Any CPU.ActiveCfg = Debug|Any CPU
		{817BED43-BBA2-4A5B-AD16-A8761E57A7FD}.Debug|Any CPU.Build.0 = Debug|Any CPU
		{817BED43-BBA2-4A5B-AD16-A8761E57A7FD}.Release|Any CPU.ActiveCfg = Release|Any CPU
		{817BED43-BBA2-4A5B-AD16-A8761E57A7FD}.Release|Any CPU.Build.0 = Release|Any CPU
		{EF565CBD-A3B7-460F-A32E-9144D5A3D7B3}.Debug|Any CPU.ActiveCfg = Debug|Any CPU
		{EF565CBD-A3B7-460F-A32E-9144D5A3D7B3}.Debug|Any CPU.Build.0 = Debug|Any CPU
		{EF565CBD-A3B7-460F-A32E-9144D5A3D7B3}.Release|Any CPU.ActiveCfg = Release|Any CPU
		{EF565CBD-A3B7-460F-A32E-9144D5A3D7B3}.Release|Any CPU.Build.0 = Release|Any CPU
		{345AFF31-624B-431A-AB52-A0F194AF6861}.Debug|Any CPU.ActiveCfg = Debug|Any CPU
		{345AFF31-624B-431A-AB52-A0F194AF6861}.Debug|Any CPU.Build.0 = Debug|Any CPU
		{345AFF31-624B-431A-AB52-A0F194AF6861}.Release|Any CPU.ActiveCfg = Release|Any CPU
		{345AFF31-624B-431A-AB52-A0F194AF6861}.Release|Any CPU.Build.0 = Release|Any CPU
		{8FC5B99C-A80B-46B5-962A-F3DBBA8403BF}.Debug|Any CPU.ActiveCfg = Debug|Any CPU
		{8FC5B99C-A80B-46B5-962A-F3DBBA8403BF}.Debug|Any CPU.Build.0 = Debug|Any CPU
		{8FC5B99C-A80B-46B5-962A-F3DBBA8403BF}.Release|Any CPU.ActiveCfg = Release|Any CPU
		{8FC5B99C-A80B-46B5-962A-F3DBBA8403BF}.Release|Any CPU.Build.0 = Release|Any CPU
		{E3AFC081-4413-4B5B-9D1C-5FD2CFEE0851}.Debug|Any CPU.ActiveCfg = Debug|Any CPU
		{E3AFC081-4413-4B5B-9D1C-5FD2CFEE0851}.Debug|Any CPU.Build.0 = Debug|Any CPU
		{E3AFC081-4413-4B5B-9D1C-5FD2CFEE0851}.Release|Any CPU.ActiveCfg = Release|Any CPU
		{E3AFC081-4413-4B5B-9D1C-5FD2CFEE0851}.Release|Any CPU.Build.0 = Release|Any CPU
	EndGlobalSection
	GlobalSection(SolutionProperties) = preSolution
		HideSolutionNode = FALSE
	EndGlobalSection
	GlobalSection(NestedProjects) = preSolution
		{E58052DB-ED76-4D81-AB64-E72F38312C5A} = {6F1B0344-4ADE-479B-B9D5-4E7F1BBCBFB0}
		{EF565CBD-A3B7-460F-A32E-9144D5A3D7B3} = {E58052DB-ED76-4D81-AB64-E72F38312C5A}
		{345AFF31-624B-431A-AB52-A0F194AF6861} = {E58052DB-ED76-4D81-AB64-E72F38312C5A}
		{A6B1A96E-07E1-4483-8625-E01D5D8BA356} = {6F1B0344-4ADE-479B-B9D5-4E7F1BBCBFB0}
		{8FC5B99C-A80B-46B5-962A-F3DBBA8403BF} = {A6B1A96E-07E1-4483-8625-E01D5D8BA356}
		{E3AFC081-4413-4B5B-9D1C-5FD2CFEE0851} = {A6B1A96E-07E1-4483-8625-E01D5D8BA356}
	EndGlobalSection
	GlobalSection(ExtensibilityGlobals) = postSolution
		SolutionGuid = {85F27081-40E0-4D0A-B993-399B2BA768C6}
	EndGlobalSection
EndGlobal
